// !$*UTF8*$!
{
	archiveVersion = 1;
	classes = {
	};
	objectVersion = 56;
	objects = {

/* Begin PBXBuildFile section */
		D01234561234567800000001 /* AutoTextIOSApp.swift in Sources */ = {isa = PBXBuildFile; fileRef = D01234561234567800000002 /* AutoTextIOSApp.swift */; };
		D01234561234567800000003 /* ContentView.swift in Sources */ = {isa = PBXBuildFile; fileRef = D01234561234567800000004 /* ContentView.swift */; };
		D01234561234567800000005 /* Assets.xcassets in Resources */ = {isa = PBXBuildFile; fileRef = D01234561234567800000006 /* Assets.xcassets */; };
		D01234561234567800000007 /* Preview Assets.xcassets in Resources */ = {isa = PBXBuildFile; fileRef = D01234561234567800000008 /* Preview Assets.xcassets */; };
		D01234561234567800000009 /* ShortcutModel.swift in Sources */ = {isa = PBXBuildFile; fileRef = D01234561234567800000010 /* ShortcutModel.swift */; };
		D01234561234567800000011 /* ShortcutManager.swift in Sources */ = {isa = PBXBuildFile; fileRef = D01234561234567800000012 /* ShortcutManager.swift */; };
		D01234561234567800000013 /* ShortcutListView.swift in Sources */ = {isa = PBXBuildFile; fileRef = D01234561234567800000014 /* ShortcutListView.swift */; };
		D01234561234567800000015 /* AddShortcutView.swift in Sources */ = {isa = PBXBuildFile; fileRef = D01234561234567800000016 /* AddShortcutView.swift */; };
		D01234561234567800000017 /* KeyboardViewController.swift in Sources */ = {isa = PBXBuildFile; fileRef = D01234561234567800000018 /* KeyboardViewController.swift */; };
		D01234561234567800000019 /* KeyboardExtension.appex in Embed Foundation Extensions */ = {isa = PBXBuildFile; fileRef = D01234561234567800000020 /* KeyboardExtension.appex */; settings = {ATTRIBUTES = (RemoveHeadersOnCopy, ); }; };
		D01234561234567800000021 /* ShortcutModel.swift in Sources */ = {isa = PBXBuildFile; fileRef = D01234561234567800000010 /* ShortcutModel.swift */; };
		D01234561234567800000022 /* ShortcutManager.swift in Sources */ = {isa = PBXBuildFile; fileRef = D01234561234567800000012 /* ShortcutManager.swift */; };
/* End PBXBuildFile section */

/* Begin PBXContainerItemProxy section */
		D01234561234567800000023 /* PBXContainerItemProxy */ = {
			isa = PBXContainerItemProxy;
			containerPortal = D01234561234567800000024 /* Project object */;
			proxyType = 1;
			remoteGlobalIDString = D01234561234567800000025;
			remoteInfo = KeyboardExtension;
		};
/* End PBXContainerItemProxy section */

/* Begin PBXCopyFilesBuildPhase section */
		D01234561234567800000026 /* Embed Foundation Extensions */ = {
			isa = PBXCopyFilesBuildPhase;
			buildActionMask = 2147483647;
			dstPath = "";
			dstSubfolderSpec = 13;
			files = (
				D01234561234567800000019 /* KeyboardExtension.appex in Embed Foundation Extensions */,
			);
			name = "Embed Foundation Extensions";
			runOnlyForDeploymentPostprocessing = 0;
		};
/* End PBXCopyFilesBuildPhase section */

/* Begin PBXFileReference section */
		D01234561234567800000027 /* AutoTextIOS.app */ = {isa = PBXFileReference; explicitFileType = wrapper.application; includeInIndex = 0; path = AutoTextIOS.app; sourceTree = BUILT_PRODUCTS_DIR; };
		D01234561234567800000002 /* AutoTextIOSApp.swift */ = {isa = PBXFileReference; lastKnownFileType = sourcecode.swift; path = AutoTextIOSApp.swift; sourceTree = "<group>"; };
		D01234561234567800000004 /* ContentView.swift */ = {isa = PBXFileReference; lastKnownFileType = sourcecode.swift; path = ContentView.swift; sourceTree = "<group>"; };
		D01234561234567800000006 /* Assets.xcassets */ = {isa = PBXFileReference; lastKnownFileType = folder.assetcatalog; path = Assets.xcassets; sourceTree = "<group>"; };
		D01234561234567800000008 /* Preview Assets.xcassets */ = {isa = PBXFileReference; lastKnownFileType = folder.assetcatalog; path = "Preview Assets.xcassets"; sourceTree = "<group>"; };
		D01234561234567800000010 /* ShortcutModel.swift */ = {isa = PBXFileReference; lastKnownFileType = sourcecode.swift; path = ShortcutModel.swift; sourceTree = "<group>"; };
		D01234561234567800000012 /* ShortcutManager.swift */ = {isa = PBXFileReference; lastKnownFileType = sourcecode.swift; path = ShortcutManager.swift; sourceTree = "<group>"; };
		D01234561234567800000014 /* ShortcutListView.swift */ = {isa = PBXFileReference; lastKnownFileType = sourcecode.swift; path = ShortcutListView.swift; sourceTree = "<group>"; };
		D01234561234567800000016 /* AddShortcutView.swift */ = {isa = PBXFileReference; lastKnownFileType = sourcecode.swift; path = AddShortcutView.swift; sourceTree = "<group>"; };
		D01234561234567800000020 /* KeyboardExtension.appex */ = {isa = PBXFileReference; explicitFileType = "wrapper.app-extension"; includeInIndex = 0; path = KeyboardExtension.appex; sourceTree = BUILT_PRODUCTS_DIR; };
		D01234561234567800000018 /* KeyboardViewController.swift */ = {isa = PBXFileReference; lastKnownFileType = sourcecode.swift; path = KeyboardViewController.swift; sourceTree = "<group>"; };
		D01234561234567800000028 /* Info.plist */ = {isa = PBXFileReference; lastKnownFileType = text.plist.xml; path = Info.plist; sourceTree = "<group>"; };
		D01234561234567800000029 /* KeyboardExtensionInfo.plist */ = {isa = PBXFileReference; lastKnownFileType = text.plist.xml; path = KeyboardExtensionInfo.plist; sourceTree = "<group>"; };
/* End PBXFileReference section */

/* Begin PBXFrameworksBuildPhase section */
		D01234561234567800000030 /* Frameworks */ = {
			isa = PBXFrameworksBuildPhase;
			buildActionMask = 2147483647;
			files = (
			);
			runOnlyForDeploymentPostprocessing = 0;
		};
		D01234561234567800000031 /* Frameworks */ = {
			isa = PBXFrameworksBuildPhase;
			buildActionMask = 2147483647;
			files = (
			);
			runOnlyForDeploymentPostprocessing = 0;
		};
/* End PBXFrameworksBuildPhase section */

/* Begin PBXGroup section */
		D01234561234567800000024 /* Project object */ = {
			isa = PBXGroup;
			children = (
				D01234561234567800000032 /* AutoTextIOS */,
				D01234561234567800000033 /* KeyboardExtension */,
				D01234561234567800000034 /* Products */,
			);
			sourceTree = "<group>";
		};
		D01234561234567800000032 /* AutoTextIOS */ = {
			isa = PBXGroup;
			children = (
				D01234561234567800000002 /* AutoTextIOSApp.swift */,
				D01234561234567800000004 /* ContentView.swift */,
				D01234561234567800000014 /* ShortcutListView.swift */,
				D01234561234567800000016 /* AddShortcutView.swift */,
				D01234561234567800000010 /* ShortcutModel.swift */,
				D01234561234567800000012 /* ShortcutManager.swift */,
				D01234561234567800000006 /* Assets.xcassets */,
				D01234561234567800000028 /* Info.plist */,
				D01234561234567800000035 /* Preview Content */,
			);
			path = AutoTextIOS;
			sourceTree = "<group>";
		};
		D01234561234567800000033 /* KeyboardExtension */ = {
			isa = PBXGroup;
			children = (
				D01234561234567800000018 /* KeyboardViewController.swift */,
				D01234561234567800000029 /* KeyboardExtensionInfo.plist */,
			);
			path = KeyboardExtension;
			sourceTree = "<group>";
		};
		D01234561234567800000034 /* Products */ = {
			isa = PBXGroup;
			children = (
				D01234561234567800000027 /* AutoTextIOS.app */,
				D01234561234567800000020 /* KeyboardExtension.appex */,
			);
			name = Products;
			sourceTree = "<group>";
		};
		D01234561234567800000035 /* Preview Content */ = {
			isa = PBXGroup;
			children = (
				D01234561234567800000008 /* Preview Assets.xcassets */,
			);
			path = "Preview Content";
			sourceTree = "<group>";
		};
/* End PBXGroup section */

/* Begin PBXNativeTarget section */
		D01234561234567800000036 /* AutoTextIOS */ = {
			isa = PBXNativeTarget;
			buildConfigurationList = D01234561234567800000037 /* Build configuration list for PBXNativeTarget "AutoTextIOS" */;
			buildPhases = (
				D01234561234567800000038 /* Sources */,
				D01234561234567800000030 /* Frameworks */,
				D01234561234567800000039 /* Resources */,
				D01234561234567800000026 /* Embed Foundation Extensions */,
			);
			buildRules = (
			);
			dependencies = (
				D01234561234567800000040 /* PBXTargetDependency */,
			);
			name = AutoTextIOS;
			productName = AutoTextIOS;
			productReference = D01234561234567800000027 /* AutoTextIOS.app */;
			productType = "com.apple.product-type.application";
		};
		D01234561234567800000025 /* KeyboardExtension */ = {
			isa = PBXNativeTarget;
			buildConfigurationList = D01234561234567800000041 /* Build configuration list for PBXNativeTarget "KeyboardExtension" */;
			buildPhases = (
				D01234561234567800000042 /* Sources */,
				D01234561234567800000031 /* Frameworks */,
				D01234561234567800000043 /* Resources */,
			);
			buildRules = (
			);
			dependencies = (
			);
			name = KeyboardExtension;
			productName = KeyboardExtension;
			productReference = D01234561234567800000020 /* KeyboardExtension.appex */;
			productType = "com.apple.product-type.app-extension";
		};
/* End PBXNativeTarget section */

/* Begin PBXProject section */
		D01234561234567800000044 /* Project object */ = {
			isa = PBXProject;
			attributes = {
				BuildIndependentTargetsInParallel = 1;
				LastSwiftUpdateCheck = 1500;
				LastUpgradeCheck = 1500;
				TargetAttributes = {
					D01234561234567800000036 = {
						CreatedOnToolsVersion = 15.0;
					};
					D01234561234567800000025 = {
						CreatedOnToolsVersion = 15.0;
					};
				};
			};
			buildConfigurationList = D01234561234567800000045 /* Build configuration list for PBXProject "AutoTextIOS" */;
			compatibilityVersion = "Xcode 14.0";
			developmentRegion = en;
			hasScannedForEncodings = 0;
			knownRegions = (
				en,
				Base,
			);
			mainGroup = D01234561234567800000024 /* Project object */;
			productRefGroup = D01234561234567800000034 /* Products */;
			projectDirPath = "";
			projectRoot = "";
			targets = (
				D01234561234567800000036 /* AutoTextIOS */,
				D01234561234567800000025 /* KeyboardExtension */,
			);
		};
/* End PBXProject section */

/* Begin PBXResourcesBuildPhase section */
		D01234561234567800000039 /* Resources */ = {
			isa = PBXResourcesBuildPhase;
			buildActionMask = 2147483647;
			files = (
				D01234561234567800000007 /* Preview Assets.xcassets in Resources */,
				D01234561234567800000005 /* Assets.xcassets in Resources */,
			);
			runOnlyForDeploymentPostprocessing = 0;
		};
		D01234561234567800000043 /* Resources */ = {
			isa = PBXResourcesBuildPhase;
			buildActionMask = 2147483647;
			files = (
			);
			runOnlyForDeploymentPostprocessing = 0;
		};
/* End PBXResourcesBuildPhase section */

/* Begin PBXSourcesBuildPhase section */
		D01234561234567800000038 /* Sources */ = {
			isa = PBXSourcesBuildPhase;
			buildActionMask = 2147483647;
			files = (
				D01234561234567800000003 /* ContentView.swift in Sources */,
				D01234561234567800000001 /* AutoTextIOSApp.swift in Sources */,
				D01234561234567800000009 /* ShortcutModel.swift in Sources */,
				D01234561234567800000011 /* ShortcutManager.swift in Sources */,
				D01234561234567800000013 /* ShortcutListView.swift in Sources */,
				D01234561234567800000015 /* AddShortcutView.swift in Sources */,
			);
			runOnlyForDeploymentPostprocessing = 0;
		};
		D01234561234567800000042 /* Sources */ = {
			isa = PBXSourcesBuildPhase;
			buildActionMask = 2147483647;
			files = (
				D01234561234567800000017 /* KeyboardViewController.swift in Sources */,
				D01234561234567800000021 /* ShortcutModel.swift in Sources */,
				D01234561234567800000022 /* ShortcutManager.swift in Sources */,
			);
			runOnlyForDeploymentPostprocessing = 0;
		};
/* End PBXSourcesBuildPhase section */

/* Begin PBXTargetDependency section */
		D01234561234567800000040 /* PBXTargetDependency */ = {
			isa = PBXTargetDependency;
			target = D01234561234567800000025 /* KeyboardExtension */;
			targetProxy = D01234561234567800000023 /* PBXContainerItemProxy */;
		};
/* End PBXTargetDependency section */

/* Begin XCBuildConfiguration section */
		D01234561234567800000046 /* Debug */ = {
			isa = XCBuildConfiguration;
			buildSettings = {
				ALWAYS_SEARCH_USER_PATHS = NO;
				ASSETCATALOG_COMPILER_GENERATE_SWIFT_ASSET_SYMBOL_EXTENSIONS = YES;
				CLANG_ANALYZER_NONNULL = YES;
				CLANG_ANALYZER_NUMBER_OBJECT_CONVERSION = YES_AGGRESSIVE;
				CLANG_CXX_LANGUAGE_STANDARD = "gnu++20";
				CLANG_ENABLE_MODULES = YES;
				CLANG_ENABLE_OBJC_ARC = YES;
				CLANG_ENABLE_OBJC_WEAK = YES;
				CLANG_WARN_BLOCK_CAPTURE_AUTORELEASING = YES;
				CLANG_WARN_BOOL_CONVERSION = YES;
				CLANG_WARN_COMMA = YES;
				CLANG_WARN_CONSTANT_CONVERSION = YES;
				CLANG_WARN_DEPRECATED_OBJC_IMPLEMENTATIONS = YES;
				CLANG_WARN_DIRECT_OBJC_ISA_USAGE = YES_ERROR;
				CLANG_WARN_DOCUMENTATION_COMMENTS = YES;
				CLANG_WARN_EMPTY_BODY = YES;
				CLANG_WARN_ENUM_CONVERSION = YES;
				CLANG_WARN_INFINITE_RECURSION = YES;
				CLANG_WARN_INT_CONVERSION = YES;
				CLANG_WARN_NON_LITERAL_NULL_CONVERSION = YES;
				CLANG_WARN_OBJC_IMPLICIT_RETAIN_SELF = YES;
				CLANG_WARN_OBJC_LITERAL_CONVERSION = YES;
				CLANG_WARN_OBJC_ROOT_CLASS = YES_ERROR;
				CLANG_WARN_QUOTED_INCLUDE_IN_FRAMEWORK_HEADER = YES;
				CLANG_WARN_RANGE_LOOP_ANALYSIS = YES;
				CLANG_WARN_STRICT_PROTOTYPES = YES;
				CLANG_WARN_SUSPICIOUS_MOVE = YES;
				CLANG_WARN_UNGUARDED_AVAILABILITY = YES_AGGRESSIVE;
				CLANG_WARN_UNREACHABLE_CODE = YES;
				CLANG_WARN__DUPLICATE_METHOD_MATCH = YES;
				COPY_PHASE_STRIP = NO;
				DEBUG_INFORMATION_FORMAT = dwarf;
				ENABLE_STRICT_OBJC_MSGSEND = YES;
				ENABLE_TESTABILITY = YES;
				ENABLE_USER_SCRIPT_SANDBOXING = YES;
				GCC_C_LANGUAGE_STANDARD = gnu17;
				GCC_DYNAMIC_NO_PIC = NO;
				GCC_NO_COMMON_BLOCKS = YES;
				GCC_OPTIMIZATION_LEVEL = 0;
				GCC_PREPROCESSOR_DEFINITIONS = (
					"DEBUG=1",
					"$(inherited)",
				);
				GCC_WARN_64_TO_32_BIT_CONVERSION = YES;
				GCC_WARN_ABOUT_RETURN_TYPE = YES_ERROR;
				GCC_WARN_UNDECLARED_SELECTOR = YES;
				GCC_WARN_UNINITIALIZED_AUTOS = YES_AGGRESSIVE;
				GCC_WARN_UNUSED_FUNCTION = YES;
				GCC_WARN_UNUSED_VARIABLE = YES;
				IPHONEOS_DEPLOYMENT_TARGET = 14.0;
				LOCALIZATION_PREFERS_STRING_CATALOGS = YES;
				MTL_ENABLE_DEBUG_INFO = INCLUDE_SOURCE;
				MTL_FAST_MATH = YES;
				ONLY_ACTIVE_ARCH = YES;
				SDKROOT = iphoneos;
				SWIFT_ACTIVE_COMPILATION_CONDITIONS = "DEBUG $(inherited)";
				SWIFT_OPTIMIZATION_LEVEL = "-Onone";
			};
			name = Debug;
		};
		D01234561234567800000047 /* Release */ = {
			isa = XCBuildConfiguration;
			buildSettings = {
				ALWAYS_SEARCH_USER_PATHS = NO;
				ASSETCATALOG_COMPILER_GENERATE_SWIFT_ASSET_SYMBOL_EXTENSIONS = YES;
				CLANG_ANALYZER_NONNULL = YES;
				CLANG_ANALYZER_NUMBER_OBJECT_CONVERSION = YES_AGGRESSIVE;
				CLANG_CXX_LANGUAGE_STANDARD = "gnu++20";
				CLANG_ENABLE_MODULES = YES;
				CLANG_ENABLE_OBJC_ARC = YES;
				CLANG_ENABLE_OBJC_WEAK = YES;
				CLANG_WARN_BLOCK_CAPTURE_AUTORELEASING = YES;
				CLANG_WARN_BOOL_CONVERSION = YES;
				CLANG_WARN_COMMA = YES;
				CLANG_WARN_CONSTANT_CONVERSION = YES;
				CLANG_WARN_DEPRECATED_OBJC_IMPLEMENTATIONS = YES;
				CLANG_WARN_DIRECT_OBJC_ISA_USAGE = YES_ERROR;
				CLANG_WARN_DOCUMENTATION_COMMENTS = YES;
				CLANG_WARN_EMPTY_BODY = YES;
				CLANG_WARN_ENUM_CONVERSION = YES;
				CLANG_WARN_INFINITE_RECURSION = YES;
				CLANG_WARN_INT_CONVERSION = YES;
				CLANG_WARN_NON_LITERAL_NULL_CONVERSION = YES;
				CLANG_WARN_OBJC_IMPLICIT_RETAIN_SELF = YES;
				CLANG_WARN_OBJC_LITERAL_CONVERSION = YES;
				CLANG_WARN_OBJC_ROOT_CLASS = YES_ERROR;
				CLANG_WARN_QUOTED_INCLUDE_IN_FRAMEWORK_HEADER = YES;
				CLANG_WARN_RANGE_LOOP_ANALYSIS = YES;
				CLANG_WARN_STRICT_PROTOTYPES = YES;
				CLANG_WARN_SUSPICIOUS_MOVE = YES;
				CLANG_WARN_UNGUARDED_AVAILABILITY = YES_AGGRESSIVE;
				CLANG_WARN_UNREACHABLE_CODE = YES;
				CLANG_WARN__DUPLICATE_METHOD_MATCH = YES;
				COPY_PHASE_STRIP = NO;
				DEBUG_INFORMATION_FORMAT = "dwarf-with-dsym";
				ENABLE_NS_ASSERTIONS = NO;
				ENABLE_STRICT_OBJC_MSGSEND = YES;
				ENABLE_USER_SCRIPT_SANDBOXING = YES;
				GCC_C_LANGUAGE_STANDARD = gnu17;
				GCC_NO_COMMON_BLOCKS = YES;
				GCC_WARN_64_TO_32_BIT_CONVERSION = YES;
				GCC_WARN_ABOUT_RETURN_TYPE = YES_ERROR;
				GCC_WARN_UNDECLARED_SELECTOR = YES;
				GCC_WARN_UNINITIALIZED_AUTOS = YES_AGGRESSIVE;
				GCC_WARN_UNUSED_FUNCTION = YES;
				GCC_WARN_UNUSED_VARIABLE = YES;
				IPHONEOS_DEPLOYMENT_TARGET = 14.0;
				LOCALIZATION_PREFERS_STRING_CATALOGS = YES;
				MTL_ENABLE_DEBUG_INFO = NO;
				MTL_FAST_MATH = YES;
				SDKROOT = iphoneos;
				SWIFT_COMPILATION_MODE = wholemodule;
				VALIDATE_PRODUCT = YES;
			};
			name = Release;
		};
		D01234561234567800000048 /* Debug */ = {
			isa = XCBuildConfiguration;
			buildSettings = {
				ALWAYS_EMBED_SWIFT_STANDARD_LIBRARIES = YES;
				ASSETCATALOG_COMPILER_APPICON_NAME = AppIcon;
				ASSETCATALOG_COMPILER_GLOBAL_ACCENT_COLOR_NAME = AccentColor;
				CODE_SIGN_STYLE = Automatic;
				CURRENT_PROJECT_VERSION = 1;
				DEVELOPMENT_ASSET_PATHS = "\"AutoTextIOS/Preview Content\"";
				ENABLE_PREVIEWS = YES;
				GENERATE_INFOPLIST_FILE = YES;
				INFOPLIST_FILE = AutoTextIOS/Info.plist;
				INFOPLIST_KEY_UIApplicationSceneManifest_Generation = YES;
				INFOPLIST_KEY_UIApplicationSupportsIndirectInputEvents = YES;
				INFOPLIST_KEY_UILaunchScreen_Generation = YES;
				INFOPLIST_KEY_UISupportedInterfaceOrientations_iPad = "UIInterfaceOrientationPortrait UIInterfaceOrientationPortraitUpsideDown UIInterfaceOrientationLandscapeLeft UIInterfaceOrientationLandscapeRight";
				INFOPLIST_KEY_UISupportedInterfaceOrientations_iPhone = "UIInterfaceOrientationPortrait UIInterfaceOrientationLandscapeLeft UIInterfaceOrientationLandscapeRight";
				LD_RUNPATH_SEARCH_PATHS = (
					"$(inherited)",
					"@executable_path/Frameworks",
				);
				MARKETING_VERSION = 1.0;
				PRODUCT_BUNDLE_IDENTIFIER = com.example.AutoTextIOS;
				PRODUCT_NAME = "$(TARGET_NAME)";
				SWIFT_EMIT_LOC_STRINGS = YES;
				SWIFT_VERSION = 5.0;
				TARGETED_DEVICE_FAMILY = "1,2";
			};
			name = Debug;
		};
		D01234561234567800000049 /* Release */ = {
			isa = XCBuildConfiguration;
			buildSettings = {
				ALWAYS_EMBED_SWIFT_STANDARD_LIBRARIES = YES;
				ASSETCATALOG_COMPILER_APPICON_NAME = AppIcon;
				ASSETCATALOG_COMPILER_GLOBAL_ACCENT_COLOR_NAME = AccentColor;
				CODE_SIGN_STYLE = Automatic;
				CURRENT_PROJECT_VERSION = 1;
				DEVELOPMENT_ASSET_PATHS = "\"AutoTextIOS/Preview Content\"";
				ENABLE_PREVIEWS = YES;
				GENERATE_INFOPLIST_FILE = YES;
				INFOPLIST_FILE = AutoTextIOS/Info.plist;
				INFOPLIST_KEY_UIApplicationSceneManifest_Generation = YES;
				INFOPLIST_KEY_UIApplicationSupportsIndirectInputEvents = YES;
				INFOPLIST_KEY_UILaunchScreen_Generation = YES;
				INFOPLIST_KEY_UISupportedInterfaceOrientations_iPad = "UIInterfaceOrientationPortrait UIInterfaceOrientationPortraitUpsideDown UIInterfaceOrientationLandscapeLeft UIInterfaceOrientationLandscapeRight";
				INFOPLIST_KEY_UISupportedInterfaceOrientations_iPhone = "UIInterfaceOrientationPortrait UIInterfaceOrientationLandscapeLeft UIInterfaceOrientationLandscapeRight";
				LD_RUNPATH_SEARCH_PATHS = (
					"$(inherited)",
					"@executable_path/Frameworks",
				);
				MARKETING_VERSION = 1.0;
				PRODUCT_BUNDLE_IDENTIFIER = com.example.AutoTextIOS;
				PRODUCT_NAME = "$(TARGET_NAME)";
				SWIFT_EMIT_LOC_STRINGS = YES;
				SWIFT_VERSION = 5.0;
				TARGETED_DEVICE_FAMILY = "1,2";
			};
			name = Release;
		};
		D01234561234567800000050 /* Debug */ = {
			isa = XCBuildConfiguration;
			buildSettings = {
				CODE_SIGN_STYLE = Automatic;
				CURRENT_PROJECT_VERSION = 1;
				GENERATE_INFOPLIST_FILE = YES;
				INFOPLIST_FILE = KeyboardExtension/KeyboardExtensionInfo.plist;
				INFOPLIST_KEY_CFBundleDisplayName = AutoText;
				INFOPLIST_KEY_NSHumanReadableCopyright = "";
				LD_RUNPATH_SEARCH_PATHS = (
					"$(inherited)",
					"@executable_path/Frameworks",
					"@executable_path/../../Frameworks",
				);
				MARKETING_VERSION = 1.0;
				PRODUCT_BUNDLE_IDENTIFIER = com.example.AutoTextIOS.KeyboardExtension;
				PRODUCT_NAME = "$(TARGET_NAME)";
				SKIP_INSTALL = YES;
				SWIFT_EMIT_LOC_STRINGS = YES;
				SWIFT_VERSION = 5.0;
				TARGETED_DEVICE_FAMILY = "1,2";
			};
			name = Debug;
		};
		D01234561234567800000051 /* Release */ = {
			isa = XCBuildConfiguration;
			buildSettings = {
				CODE_SIGN_STYLE = Automatic;
				CURRENT_PROJECT_VERSION = 1;
				GENERATE_INFOPLIST_FILE = YES;
				INFOPLIST_FILE = KeyboardExtension/KeyboardExtensionInfo.plist;
				INFOPLIST_KEY_CFBundleDisplayName = AutoText;
				INFOPLIST_KEY_NSHumanReadableCopyright = "";
				LD_RUNPATH_SEARCH_PATHS = (
					"$(inherited)",
					"@executable_path/Frameworks",
					"@executable_path/../../Frameworks",
				);
				MARKETING_VERSION = 1.0;
				PRODUCT_BUNDLE_IDENTIFIER = com.example.AutoTextIOS.KeyboardExtension;
				PRODUCT_NAME = "$(TARGET_NAME)";
				SKIP_INSTALL = YES;
				SWIFT_EMIT_LOC_STRINGS = YES;
				SWIFT_VERSION = 5.0;
				TARGETED_DEVICE_FAMILY = "1,2";
			};
			name = Release;
		};
/* End XCBuildConfiguration section */

/* Begin XCConfigurationList section */
		D01234561234567800000045 /* Build configuration list for PBXProject "AutoTextIOS" */ = {
			isa = XCConfigurationList;
			buildConfigurations = (
				D01234561234567800000046 /* Debug */,
				D01234561234567800000047 /* Release */,
			);
			defaultConfigurationIsVisible = 0;
			defaultConfigurationName = Release;
		};
		D01234561234567800000037 /* Build configuration list for PBXNativeTarget "AutoTextIOS" */ = {
			isa = XCConfigurationList;
			buildConfigurations = (
				D01234561234567800000048 /* Debug */,
				D01234561234567800000049 /* Release */,
			);
			defaultConfigurationIsVisible = 0;
			defaultConfigurationName = Release;
		};
		D01234561234567800000041 /* Build configuration list for PBXNativeTarget "KeyboardExtension" */ = {
			isa = XCConfigurationList;
			buildConfigurations = (
				D01234561234567800000050 /* Debug */,
				D01234561234567800000051 /* Release */,
			);
			defaultConfigurationIsVisible = 0;
			defaultConfigurationName = Release;
		};
/* End XCConfigurationList section */
	};
	rootObject = D01234561234567800000044 /* Project object */;
} 